
Microsoft Visual Studio Solution File, Format Version 12.00
# Visual Studio Version 17
VisualStudioVersion = 17.12.35707.178 d17.12
MinimumVisualStudioVersion = 10.0.40219.1
Project("{FAE04EC0-301F-11D3-BF4B-00C04F79EFBC}") = "WebTestProject2", "WebTestProject2.csproj", "{364D7E0F-AC0C-47CE-837A-980E8C9389CC}"
EndProject
Global
	GlobalSection(SolutionConfigurationPlatforms) = preSolution
		Debug|Any CPU = Debug|Any CPU
		Release|Any CPU = Release|Any CPU
	EndGlobalSection
	GlobalSection(ProjectConfigurationPlatforms) = postSolution
		{364D7E0F-AC0C-47CE-837A-980E8C9389CC}.Debug|Any CPU.ActiveCfg = Debug|Any CPU
		{364D7E0F-AC0C-47CE-837A-980E8C9389CC}.Debug|Any CPU.Build.0 = Debug|Any CPU
		{364D7E0F-AC0C-47CE-837A-980E8C9389CC}.Release|Any CPU.ActiveCfg = Release|Any CPU
		{364D7E0F-AC0C-47CE-837A-980E8C9389CC}.Release|Any CPU.Build.0 = Release|Any CPU
	EndGlobalSection
	GlobalSection(SolutionProperties) = preSolution
		HideSolutionNode = FALSE
	EndGlobalSection
EndGlobal
